
Microsoft Visual Studio Solution File, Format Version 12.00
# Visual Studio Version 17
VisualStudioVersion = 17.9.34607.119
MinimumVisualStudioVersion = 10.0.40219.1
Project("{FAE04EC0-301F-11D3-BF4B-00C04F79EFBC}") = "Blogging-Backend", "Blogging-Backend.csproj", "{97E16842-4834-4E99-A9C6-0B3F6D48DE10}"
EndProject
Global
	GlobalSection(SolutionConfigurationPlatforms) = preSolution
		Debug|Any CPU = Debug|Any CPU
		Release|Any CPU = Release|Any CPU
	EndGlobalSection
	GlobalSection(ProjectConfigurationPlatforms) = postSolution
		{97E16842-4834-4E99-A9C6-0B3F6D48DE10}.Debug|Any CPU.ActiveCfg = Debug|Any CPU
		{97E16842-4834-4E99-A9C6-0B3F6D48DE10}.Debug|Any CPU.Build.0 = Debug|Any CPU
		{97E16842-4834-4E99-A9C6-0B3F6D48DE10}.Release|Any CPU.ActiveCfg = Release|Any CPU
		{97E16842-4834-4E99-A9C6-0B3F6D48DE10}.Release|Any CPU.Build.0 = Release|Any CPU
	EndGlobalSection
	GlobalSection(SolutionProperties) = preSolution
		HideSolutionNode = FALSE
	EndGlobalSection
	GlobalSection(ExtensibilityGlobals) = postSolution
		SolutionGuid = {69B39543-612E-4DEE-AD0A-45D5F4869085}
	EndGlobalSection
EndGlobal
